
Microsoft Visual Studio Solution File, Format Version 12.00
# Visual Studio Version 16
VisualStudioVersion = 16.0.31025.194
MinimumVisualStudioVersion = 10.0.40219.1
Project("{FAE04EC0-301F-11D3-BF4B-00C04F79EFBC}") = "SmartNotes", "SmartNotes\SmartNotes.csproj", "{1B26FC4F-88B4-4419-8E6B-E5A4F9F1EEFF}"
EndProject
Project("{FAE04EC0-301F-11D3-BF4B-00C04F79EFBC}") = "Notifikacije", "Notifikacije\Notifikacije.csproj", "{D37B647F-C722-4CF7-9AB5-E3C8AB9281CD}"
EndProject
Project("{FAE04EC0-301F-11D3-BF4B-00C04F79EFBC}") = "DllStatistika", "DllStatistika\DllStatistika.csproj", "{6CEDB657-209E-4668-869C-006DA940178B}"
EndProject
Global
	GlobalSection(SolutionConfigurationPlatforms) = preSolution
		Debug|Any CPU = Debug|Any CPU
		Release|Any CPU = Release|Any CPU
	EndGlobalSection
	GlobalSection(ProjectConfigurationPlatforms) = postSolution
		{1B26FC4F-88B4-4419-8E6B-E5A4F9F1EEFF}.Debug|Any CPU.ActiveCfg = Debug|Any CPU
		{1B26FC4F-88B4-4419-8E6B-E5A4F9F1EEFF}.Debug|Any CPU.Build.0 = Debug|Any CPU
		{1B26FC4F-88B4-4419-8E6B-E5A4F9F1EEFF}.Release|Any CPU.ActiveCfg = Release|Any CPU
		{1B26FC4F-88B4-4419-8E6B-E5A4F9F1EEFF}.Release|Any CPU.Build.0 = Release|Any CPU
		{D37B647F-C722-4CF7-9AB5-E3C8AB9281CD}.Debug|Any CPU.ActiveCfg = Debug|Any CPU
		{D37B647F-C722-4CF7-9AB5-E3C8AB9281CD}.Debug|Any CPU.Build.0 = Debug|Any CPU
		{D37B647F-C722-4CF7-9AB5-E3C8AB9281CD}.Release|Any CPU.ActiveCfg = Release|Any CPU
		{D37B647F-C722-4CF7-9AB5-E3C8AB9281CD}.Release|Any CPU.Build.0 = Release|Any CPU
		{6CEDB657-209E-4668-869C-006DA940178B}.Debug|Any CPU.ActiveCfg = Debug|Any CPU
		{6CEDB657-209E-4668-869C-006DA940178B}.Debug|Any CPU.Build.0 = Debug|Any CPU
		{6CEDB657-209E-4668-869C-006DA940178B}.Release|Any CPU.ActiveCfg = Release|Any CPU
		{6CEDB657-209E-4668-869C-006DA940178B}.Release|Any CPU.Build.0 = Release|Any CPU
	EndGlobalSection
	GlobalSection(SolutionProperties) = preSolution
		HideSolutionNode = FALSE
	EndGlobalSection
	GlobalSection(ExtensibilityGlobals) = postSolution
		SolutionGuid = {E2FDFA60-1A65-4B75-B0DE-E900B6574E23}
	EndGlobalSection
EndGlobal
